
Microsoft Visual Studio Solution File, Format Version 11.00
# Visual Studio 2010
Project("{FAE04EC0-301F-11D3-BF4B-00C04F79EFBC}") = "FMODUnityResonanceEditor", "FMODUnityResonanceEditor.csproj", "{6d467fd1-0c78-3fdb-a4e1-bab2da8deadf}"
EndProject
Project("{FAE04EC0-301F-11D3-BF4B-00C04F79EFBC}") = "Assembly-CSharp", "Assembly-CSharp.csproj", "{664b3477-adf3-42c9-404a-bc17725588ff}"
EndProject
Project("{FAE04EC0-301F-11D3-BF4B-00C04F79EFBC}") = "FMODUnityEditor", "FMODUnityEditor.csproj", "{4969c5d2-1618-cde9-aff6-a3e3ac610961}"
EndProject
Project("{FAE04EC0-301F-11D3-BF4B-00C04F79EFBC}") = "Assembly-CSharp-firstpass", "Assembly-CSharp-firstpass.csproj", "{1df934f7-d102-5675-1f25-1801b1d5c7ee}"
EndProject
Project("{FAE04EC0-301F-11D3-BF4B-00C04F79EFBC}") = "FMODUnity", "FMODUnity.csproj", "{a8355457-c4dc-ca63-7ac2-0491a891b1aa}"
EndProject
Project("{FAE04EC0-301F-11D3-BF4B-00C04F79EFBC}") = "FMODUnityResonance", "FMODUnityResonance.csproj", "{6283e205-782c-8bd9-0f5c-43c7d480a771}"
EndProject
Global
	GlobalSection(SolutionConfigurationPlatforms) = preSolution
		Debug|Any CPU = Debug|Any CPU
	EndGlobalSection
	GlobalSection(ProjectConfigurationPlatforms) = postSolution
		{6d467fd1-0c78-3fdb-a4e1-bab2da8deadf}.Debug|Any CPU.ActiveCfg = Debug|Any CPU
		{6d467fd1-0c78-3fdb-a4e1-bab2da8deadf}.Debug|Any CPU.Build.0 = Debug|Any CPU
		{664b3477-adf3-42c9-404a-bc17725588ff}.Debug|Any CPU.ActiveCfg = Debug|Any CPU
		{664b3477-adf3-42c9-404a-bc17725588ff}.Debug|Any CPU.Build.0 = Debug|Any CPU
		{4969c5d2-1618-cde9-aff6-a3e3ac610961}.Debug|Any CPU.ActiveCfg = Debug|Any CPU
		{4969c5d2-1618-cde9-aff6-a3e3ac610961}.Debug|Any CPU.Build.0 = Debug|Any CPU
		{1df934f7-d102-5675-1f25-1801b1d5c7ee}.Debug|Any CPU.ActiveCfg = Debug|Any CPU
		{1df934f7-d102-5675-1f25-1801b1d5c7ee}.Debug|Any CPU.Build.0 = Debug|Any CPU
		{a8355457-c4dc-ca63-7ac2-0491a891b1aa}.Debug|Any CPU.ActiveCfg = Debug|Any CPU
		{a8355457-c4dc-ca63-7ac2-0491a891b1aa}.Debug|Any CPU.Build.0 = Debug|Any CPU
		{6283e205-782c-8bd9-0f5c-43c7d480a771}.Debug|Any CPU.ActiveCfg = Debug|Any CPU
		{6283e205-782c-8bd9-0f5c-43c7d480a771}.Debug|Any CPU.Build.0 = Debug|Any CPU
	EndGlobalSection
	GlobalSection(SolutionProperties) = preSolution
		HideSolutionNode = FALSE
	EndGlobalSection
EndGlobal
